
Microsoft Visual Studio Solution File, Format Version 12.00
# Visual Studio 15
VisualStudioVersion = 15.0.26114.2
MinimumVisualStudioVersion = 10.0.40219.1
Project("{FAE04EC0-301F-11D3-BF4B-00C04F79EFBC}") = "DayPrinter", "DayPrinter\DayPrinter.csproj", "{B3E76AAA-3BE8-49C7-A831-64EF68C6F28D}"
EndProject
Project("{FAE04EC0-301F-11D3-BF4B-00C04F79EFBC}") = "ElseIf", "ElseIf\ElseIf.csproj", "{C7008ACC-EE4B-49CC-B7FB-5F9F95E257A9}"
EndProject
Project("{FAE04EC0-301F-11D3-BF4B-00C04F79EFBC}") = "TempConv", "TempConv\TempConv.csproj", "{6D18F93D-E26F-4FF4-ABF2-1450FD9FB19D}"
EndProject
Project("{FAE04EC0-301F-11D3-BF4B-00C04F79EFBC}") = "HelloMethods", "HelloMethods\HelloMethods.csproj", "{9B69E0D2-FBD5-4FB4-9D40-768AE4F57300}"
EndProject
Project("{FAE04EC0-301F-11D3-BF4B-00C04F79EFBC}") = "Gradebook", "Gradebook\Gradebook.csproj", "{9E08496B-2501-4CBF-844F-8FD7BA97F4E6}"
EndProject
Project("{FAE04EC0-301F-11D3-BF4B-00C04F79EFBC}") = "GradebookDict", "GradebookDict\GradebookDict.csproj", "{EFCB1B91-2E92-478F-BFF7-013FF6911DCC}"
EndProject
Project("{FAE04EC0-301F-11D3-BF4B-00C04F79EFBC}") = "GradebookArray", "GradebookArray\GradebookArray.csproj", "{89051A0E-8D18-48C3-B4E6-D05F62D252CE}"
EndProject
Project("{FAE04EC0-301F-11D3-BF4B-00C04F79EFBC}") = "HelloWorld", "HelloWorld\HelloWorld.csproj", "{364F0D6A-3919-4010-AE24-999C2EDD0339}"
EndProject
Project("{FAE04EC0-301F-11D3-BF4B-00C04F79EFBC}") = "AreaOfRec", "AreaOfRec\AreaOfRec.csproj", "{27211650-6D2A-4723-A9E1-C5BF5D9A95C6}"
EndProject
Project("{FAE04EC0-301F-11D3-BF4B-00C04F79EFBC}") = "MilesPerGallon", "MilesPerGallon\MilesPerGallon.csproj", "{2D1B5B46-1768-4A6F-84C1-6A3171036573}"
EndProject
Project("{FAE04EC0-301F-11D3-BF4B-00C04F79EFBC}") = "AliceInWonderland", "AliceInWonderland\AliceInWonderland.csproj", "{24F86F48-728B-4DE8-B1F0-2E8F5A881965}"
EndProject
Project("{FAE04EC0-301F-11D3-BF4B-00C04F79EFBC}") = "Lists", "Lists\Lists.csproj", "{CF9854D7-6D95-45B4-BCE9-34BD1ED939CF}"
EndProject
Project("{FAE04EC0-301F-11D3-BF4B-00C04F79EFBC}") = "ListsAndStrings", "ListsAndStrings\ListsAndStrings.csproj", "{E37CB4F8-7E6F-428C-9B55-71C5100884F4}"
EndProject
Project("{FAE04EC0-301F-11D3-BF4B-00C04F79EFBC}") = "Arrays", "Arrays\Arrays.csproj", "{6A98EC67-35A4-452B-90CE-4DF9BECC5442}"
EndProject
Project("{FAE04EC0-301F-11D3-BF4B-00C04F79EFBC}") = "Dictionaries", "Dictionaries\Dictionaries.csproj", "{98C30C0D-72DC-42EC-A3FF-50946F13EFD1}"
EndProject
Project("{FAE04EC0-301F-11D3-BF4B-00C04F79EFBC}") = "counting-characters", "counting-characters\counting-characters.csproj", "{18851844-19AD-47CD-A736-E3B57E73E76B}"
EndProject
Project("{FAE04EC0-301F-11D3-BF4B-00C04F79EFBC}") = "School", "School\School.csproj", "{80C34E1B-BB07-4088-A30B-B29EE3478571}"
EndProject
Global
	GlobalSection(SolutionConfigurationPlatforms) = preSolution
		Debug|Any CPU = Debug|Any CPU
		Release|Any CPU = Release|Any CPU
	EndGlobalSection
	GlobalSection(ProjectConfigurationPlatforms) = postSolution
		{B3E76AAA-3BE8-49C7-A831-64EF68C6F28D}.Debug|Any CPU.ActiveCfg = Debug|Any CPU
		{B3E76AAA-3BE8-49C7-A831-64EF68C6F28D}.Debug|Any CPU.Build.0 = Debug|Any CPU
		{B3E76AAA-3BE8-49C7-A831-64EF68C6F28D}.Release|Any CPU.ActiveCfg = Release|Any CPU
		{B3E76AAA-3BE8-49C7-A831-64EF68C6F28D}.Release|Any CPU.Build.0 = Release|Any CPU
		{C7008ACC-EE4B-49CC-B7FB-5F9F95E257A9}.Debug|Any CPU.ActiveCfg = Debug|Any CPU
		{C7008ACC-EE4B-49CC-B7FB-5F9F95E257A9}.Debug|Any CPU.Build.0 = Debug|Any CPU
		{C7008ACC-EE4B-49CC-B7FB-5F9F95E257A9}.Release|Any CPU.ActiveCfg = Release|Any CPU
		{C7008ACC-EE4B-49CC-B7FB-5F9F95E257A9}.Release|Any CPU.Build.0 = Release|Any CPU
		{6D18F93D-E26F-4FF4-ABF2-1450FD9FB19D}.Debug|Any CPU.ActiveCfg = Debug|Any CPU
		{6D18F93D-E26F-4FF4-ABF2-1450FD9FB19D}.Debug|Any CPU.Build.0 = Debug|Any CPU
		{6D18F93D-E26F-4FF4-ABF2-1450FD9FB19D}.Release|Any CPU.ActiveCfg = Release|Any CPU
		{6D18F93D-E26F-4FF4-ABF2-1450FD9FB19D}.Release|Any CPU.Build.0 = Release|Any CPU
		{9B69E0D2-FBD5-4FB4-9D40-768AE4F57300}.Debug|Any CPU.ActiveCfg = Debug|Any CPU
		{9B69E0D2-FBD5-4FB4-9D40-768AE4F57300}.Debug|Any CPU.Build.0 = Debug|Any CPU
		{9B69E0D2-FBD5-4FB4-9D40-768AE4F57300}.Release|Any CPU.ActiveCfg = Release|Any CPU
		{9B69E0D2-FBD5-4FB4-9D40-768AE4F57300}.Release|Any CPU.Build.0 = Release|Any CPU
		{9E08496B-2501-4CBF-844F-8FD7BA97F4E6}.Debug|Any CPU.ActiveCfg = Debug|Any CPU
		{9E08496B-2501-4CBF-844F-8FD7BA97F4E6}.Debug|Any CPU.Build.0 = Debug|Any CPU
		{9E08496B-2501-4CBF-844F-8FD7BA97F4E6}.Release|Any CPU.ActiveCfg = Release|Any CPU
		{9E08496B-2501-4CBF-844F-8FD7BA97F4E6}.Release|Any CPU.Build.0 = Release|Any CPU
		{EFCB1B91-2E92-478F-BFF7-013FF6911DCC}.Debug|Any CPU.ActiveCfg = Debug|Any CPU
		{EFCB1B91-2E92-478F-BFF7-013FF6911DCC}.Debug|Any CPU.Build.0 = Debug|Any CPU
		{EFCB1B91-2E92-478F-BFF7-013FF6911DCC}.Release|Any CPU.ActiveCfg = Release|Any CPU
		{EFCB1B91-2E92-478F-BFF7-013FF6911DCC}.Release|Any CPU.Build.0 = Release|Any CPU
		{89051A0E-8D18-48C3-B4E6-D05F62D252CE}.Debug|Any CPU.ActiveCfg = Debug|Any CPU
		{89051A0E-8D18-48C3-B4E6-D05F62D252CE}.Debug|Any CPU.Build.0 = Debug|Any CPU
		{89051A0E-8D18-48C3-B4E6-D05F62D252CE}.Release|Any CPU.ActiveCfg = Release|Any CPU
		{89051A0E-8D18-48C3-B4E6-D05F62D252CE}.Release|Any CPU.Build.0 = Release|Any CPU
		{364F0D6A-3919-4010-AE24-999C2EDD0339}.Debug|Any CPU.ActiveCfg = Debug|Any CPU
		{364F0D6A-3919-4010-AE24-999C2EDD0339}.Debug|Any CPU.Build.0 = Debug|Any CPU
		{364F0D6A-3919-4010-AE24-999C2EDD0339}.Release|Any CPU.ActiveCfg = Release|Any CPU
		{364F0D6A-3919-4010-AE24-999C2EDD0339}.Release|Any CPU.Build.0 = Release|Any CPU
		{27211650-6D2A-4723-A9E1-C5BF5D9A95C6}.Debug|Any CPU.ActiveCfg = Debug|Any CPU
		{27211650-6D2A-4723-A9E1-C5BF5D9A95C6}.Debug|Any CPU.Build.0 = Debug|Any CPU
		{27211650-6D2A-4723-A9E1-C5BF5D9A95C6}.Release|Any CPU.ActiveCfg = Release|Any CPU
		{27211650-6D2A-4723-A9E1-C5BF5D9A95C6}.Release|Any CPU.Build.0 = Release|Any CPU
		{2D1B5B46-1768-4A6F-84C1-6A3171036573}.Debug|Any CPU.ActiveCfg = Debug|Any CPU
		{2D1B5B46-1768-4A6F-84C1-6A3171036573}.Debug|Any CPU.Build.0 = Debug|Any CPU
		{2D1B5B46-1768-4A6F-84C1-6A3171036573}.Release|Any CPU.ActiveCfg = Release|Any CPU
		{2D1B5B46-1768-4A6F-84C1-6A3171036573}.Release|Any CPU.Build.0 = Release|Any CPU
		{24F86F48-728B-4DE8-B1F0-2E8F5A881965}.Debug|Any CPU.ActiveCfg = Debug|Any CPU
		{24F86F48-728B-4DE8-B1F0-2E8F5A881965}.Debug|Any CPU.Build.0 = Debug|Any CPU
		{24F86F48-728B-4DE8-B1F0-2E8F5A881965}.Release|Any CPU.ActiveCfg = Release|Any CPU
		{24F86F48-728B-4DE8-B1F0-2E8F5A881965}.Release|Any CPU.Build.0 = Release|Any CPU
		{CF9854D7-6D95-45B4-BCE9-34BD1ED939CF}.Debug|Any CPU.ActiveCfg = Debug|Any CPU
		{CF9854D7-6D95-45B4-BCE9-34BD1ED939CF}.Debug|Any CPU.Build.0 = Debug|Any CPU
		{CF9854D7-6D95-45B4-BCE9-34BD1ED939CF}.Release|Any CPU.ActiveCfg = Release|Any CPU
		{CF9854D7-6D95-45B4-BCE9-34BD1ED939CF}.Release|Any CPU.Build.0 = Release|Any CPU
		{E37CB4F8-7E6F-428C-9B55-71C5100884F4}.Debug|Any CPU.ActiveCfg = Debug|Any CPU
		{E37CB4F8-7E6F-428C-9B55-71C5100884F4}.Debug|Any CPU.Build.0 = Debug|Any CPU
		{E37CB4F8-7E6F-428C-9B55-71C5100884F4}.Release|Any CPU.ActiveCfg = Release|Any CPU
		{E37CB4F8-7E6F-428C-9B55-71C5100884F4}.Release|Any CPU.Build.0 = Release|Any CPU
		{6A98EC67-35A4-452B-90CE-4DF9BECC5442}.Debug|Any CPU.ActiveCfg = Debug|Any CPU
		{6A98EC67-35A4-452B-90CE-4DF9BECC5442}.Debug|Any CPU.Build.0 = Debug|Any CPU
		{6A98EC67-35A4-452B-90CE-4DF9BECC5442}.Release|Any CPU.ActiveCfg = Release|Any CPU
		{6A98EC67-35A4-452B-90CE-4DF9BECC5442}.Release|Any CPU.Build.0 = Release|Any CPU
		{98C30C0D-72DC-42EC-A3FF-50946F13EFD1}.Debug|Any CPU.ActiveCfg = Debug|Any CPU
		{98C30C0D-72DC-42EC-A3FF-50946F13EFD1}.Debug|Any CPU.Build.0 = Debug|Any CPU
		{98C30C0D-72DC-42EC-A3FF-50946F13EFD1}.Release|Any CPU.ActiveCfg = Release|Any CPU
		{98C30C0D-72DC-42EC-A3FF-50946F13EFD1}.Release|Any CPU.Build.0 = Release|Any CPU
		{18851844-19AD-47CD-A736-E3B57E73E76B}.Debug|Any CPU.ActiveCfg = Debug|Any CPU
		{18851844-19AD-47CD-A736-E3B57E73E76B}.Debug|Any CPU.Build.0 = Debug|Any CPU
		{18851844-19AD-47CD-A736-E3B57E73E76B}.Release|Any CPU.ActiveCfg = Release|Any CPU
		{18851844-19AD-47CD-A736-E3B57E73E76B}.Release|Any CPU.Build.0 = Release|Any CPU
		{80C34E1B-BB07-4088-A30B-B29EE3478571}.Debug|Any CPU.ActiveCfg = Debug|Any CPU
		{80C34E1B-BB07-4088-A30B-B29EE3478571}.Debug|Any CPU.Build.0 = Debug|Any CPU
		{80C34E1B-BB07-4088-A30B-B29EE3478571}.Release|Any CPU.ActiveCfg = Release|Any CPU
		{80C34E1B-BB07-4088-A30B-B29EE3478571}.Release|Any CPU.Build.0 = Release|Any CPU
	EndGlobalSection
	GlobalSection(SolutionProperties) = preSolution
		HideSolutionNode = FALSE
	EndGlobalSection
	GlobalSection(MonoDevelopProperties) = preSolution
		Policies = $0
		$0.DotNetNamingPolicy = $1
		$1.DirectoryNamespaceAssociation = PrefixedHierarchical
		$0.VersionControlPolicy = $2
	EndGlobalSection
EndGlobal
